
Microsoft Visual Studio Solution File, Format Version 12.00
# Visual Studio Version 16
VisualStudioVersion = 16.0.28714.193
MinimumVisualStudioVersion = 10.0.40219.1
Project("{FAE04EC0-301F-11D3-BF4B-00C04F79EFBC}") = "Server", "Server\Server.csproj", "{FA288911-F7C7-4AE1-B536-28470A747E64}"
EndProject
Project("{FAE04EC0-301F-11D3-BF4B-00C04F79EFBC}") = "Client", "Client\Client.csproj", "{8449123A-44A9-4C23-B7E7-097DDEBB62DB}"
EndProject
Project("{FAE04EC0-301F-11D3-BF4B-00C04F79EFBC}") = "Core", "Core\Core.csproj", "{4B7265DE-C184-4792-B347-A2F4CAEC75C9}"
EndProject
Global
	GlobalSection(SolutionConfigurationPlatforms) = preSolution
		Debug|Any CPU = Debug|Any CPU
		Release|Any CPU = Release|Any CPU
	EndGlobalSection
	GlobalSection(ProjectConfigurationPlatforms) = postSolution
		{FA288911-F7C7-4AE1-B536-28470A747E64}.Debug|Any CPU.ActiveCfg = Debug|Any CPU
		{FA288911-F7C7-4AE1-B536-28470A747E64}.Debug|Any CPU.Build.0 = Debug|Any CPU
		{FA288911-F7C7-4AE1-B536-28470A747E64}.Release|Any CPU.ActiveCfg = Release|Any CPU
		{FA288911-F7C7-4AE1-B536-28470A747E64}.Release|Any CPU.Build.0 = Release|Any CPU
		{8449123A-44A9-4C23-B7E7-097DDEBB62DB}.Debug|Any CPU.ActiveCfg = Debug|Any CPU
		{8449123A-44A9-4C23-B7E7-097DDEBB62DB}.Debug|Any CPU.Build.0 = Debug|Any CPU
		{8449123A-44A9-4C23-B7E7-097DDEBB62DB}.Release|Any CPU.ActiveCfg = Release|Any CPU
		{8449123A-44A9-4C23-B7E7-097DDEBB62DB}.Release|Any CPU.Build.0 = Release|Any CPU
		{4B7265DE-C184-4792-B347-A2F4CAEC75C9}.Debug|Any CPU.ActiveCfg = Debug|Any CPU
		{4B7265DE-C184-4792-B347-A2F4CAEC75C9}.Debug|Any CPU.Build.0 = Debug|Any CPU
		{4B7265DE-C184-4792-B347-A2F4CAEC75C9}.Release|Any CPU.ActiveCfg = Release|Any CPU
		{4B7265DE-C184-4792-B347-A2F4CAEC75C9}.Release|Any CPU.Build.0 = Release|Any CPU
	EndGlobalSection
	GlobalSection(SolutionProperties) = preSolution
		HideSolutionNode = FALSE
	EndGlobalSection
	GlobalSection(ExtensibilityGlobals) = postSolution
		SolutionGuid = {BB4FA7B8-0FB3-49B1-90E5-CA32D41FD15B}
	EndGlobalSection
EndGlobal
